
Microsoft Visual Studio Solution File, Format Version 12.00
# Visual Studio Version 17
VisualStudioVersion = 17.13.35806.99 d17.13
MinimumVisualStudioVersion = 10.0.40219.1
Project("{FAE04EC0-301F-11D3-BF4B-00C04F79EFBC}") = "kony3", "kony3\kony3.csproj", "{A54C5074-0EAC-4ADC-965B-A4D6EA2C62DB}"
EndProject
Global
	GlobalSection(SolutionConfigurationPlatforms) = preSolution
		Debug|Any CPU = Debug|Any CPU
		Release|Any CPU = Release|Any CPU
	EndGlobalSection
	GlobalSection(ProjectConfigurationPlatforms) = postSolution
		{A54C5074-0EAC-4ADC-965B-A4D6EA2C62DB}.Debug|Any CPU.ActiveCfg = Debug|Any CPU
		{A54C5074-0EAC-4ADC-965B-A4D6EA2C62DB}.Debug|Any CPU.Build.0 = Debug|Any CPU
		{A54C5074-0EAC-4ADC-965B-A4D6EA2C62DB}.Release|Any CPU.ActiveCfg = Release|Any CPU
		{A54C5074-0EAC-4ADC-965B-A4D6EA2C62DB}.Release|Any CPU.Build.0 = Release|Any CPU
	EndGlobalSection
	GlobalSection(SolutionProperties) = preSolution
		HideSolutionNode = FALSE
	EndGlobalSection
	GlobalSection(ExtensibilityGlobals) = postSolution
		SolutionGuid = {527E9BA0-BB16-45C4-AE4E-5FDE00B2B863}
	EndGlobalSection
EndGlobal
